
Microsoft Visual Studio Solution File, Format Version 12.00
# Visual Studio Version 17
VisualStudioVersion = 17.1.32228.430
MinimumVisualStudioVersion = 10.0.40219.1
Project("{2150E333-8FDC-42A3-9474-1A3956D46DE8}") = "1 - Presentation", "1 - Presentation", "{3398EF44-3570-4553-8670-F97828E0F2F7}"
EndProject
Project("{2150E333-8FDC-42A3-9474-1A3956D46DE8}") = "2 - Application", "2 - Application", "{9127E54E-61D1-4A94-8D89-05AAB87A218C}"
EndProject
Project("{2150E333-8FDC-42A3-9474-1A3956D46DE8}") = "3 - Infrastructure", "3 - Infrastructure", "{6E42175F-353E-4AF3-ADB3-7A2780ACDA81}"
EndProject
Project("{9A19103F-16F7-4668-BE54-9A1E7A4F7556}") = "AE.Github.User", "AE.Github.User\AE.Github.User.csproj", "{8A5434FA-D248-4E49-8F36-5D7B7DA3C9D6}"
EndProject
Project("{9A19103F-16F7-4668-BE54-9A1E7A4F7556}") = "AE.Github.User.Application", "AE.Github.User.Application\AE.Github.User.Application.csproj", "{38860E37-D206-439C-8D49-3B86297ADACD}"
EndProject
Project("{9A19103F-16F7-4668-BE54-9A1E7A4F7556}") = "AE.Github.User.Client", "AE.Github.User.Client\AE.Github.User.Client.csproj", "{C874271F-4F28-4C39-917B-5BEE7BCBFB0E}"
EndProject
Project("{FAE04EC0-301F-11D3-BF4B-00C04F79EFBC}") = "Ae.Github.User.CacheRepository", "Ae.Github.User.CacheRepository\Ae.Github.User.CacheRepository.csproj", "{3CA6621E-9443-44CD-A7A0-877027FB5F0D}"
EndProject
Global
	GlobalSection(SolutionConfigurationPlatforms) = preSolution
		Debug|Any CPU = Debug|Any CPU
		Release|Any CPU = Release|Any CPU
	EndGlobalSection
	GlobalSection(ProjectConfigurationPlatforms) = postSolution
		{8A5434FA-D248-4E49-8F36-5D7B7DA3C9D6}.Debug|Any CPU.ActiveCfg = Debug|Any CPU
		{8A5434FA-D248-4E49-8F36-5D7B7DA3C9D6}.Debug|Any CPU.Build.0 = Debug|Any CPU
		{8A5434FA-D248-4E49-8F36-5D7B7DA3C9D6}.Release|Any CPU.ActiveCfg = Release|Any CPU
		{8A5434FA-D248-4E49-8F36-5D7B7DA3C9D6}.Release|Any CPU.Build.0 = Release|Any CPU
		{38860E37-D206-439C-8D49-3B86297ADACD}.Debug|Any CPU.ActiveCfg = Debug|Any CPU
		{38860E37-D206-439C-8D49-3B86297ADACD}.Debug|Any CPU.Build.0 = Debug|Any CPU
		{38860E37-D206-439C-8D49-3B86297ADACD}.Release|Any CPU.ActiveCfg = Release|Any CPU
		{38860E37-D206-439C-8D49-3B86297ADACD}.Release|Any CPU.Build.0 = Release|Any CPU
		{C874271F-4F28-4C39-917B-5BEE7BCBFB0E}.Debug|Any CPU.ActiveCfg = Debug|Any CPU
		{C874271F-4F28-4C39-917B-5BEE7BCBFB0E}.Debug|Any CPU.Build.0 = Debug|Any CPU
		{C874271F-4F28-4C39-917B-5BEE7BCBFB0E}.Release|Any CPU.ActiveCfg = Release|Any CPU
		{C874271F-4F28-4C39-917B-5BEE7BCBFB0E}.Release|Any CPU.Build.0 = Release|Any CPU
		{3CA6621E-9443-44CD-A7A0-877027FB5F0D}.Debug|Any CPU.ActiveCfg = Debug|Any CPU
		{3CA6621E-9443-44CD-A7A0-877027FB5F0D}.Debug|Any CPU.Build.0 = Debug|Any CPU
		{3CA6621E-9443-44CD-A7A0-877027FB5F0D}.Release|Any CPU.ActiveCfg = Release|Any CPU
		{3CA6621E-9443-44CD-A7A0-877027FB5F0D}.Release|Any CPU.Build.0 = Release|Any CPU
	EndGlobalSection
	GlobalSection(SolutionProperties) = preSolution
		HideSolutionNode = FALSE
	EndGlobalSection
	GlobalSection(NestedProjects) = preSolution
		{8A5434FA-D248-4E49-8F36-5D7B7DA3C9D6} = {3398EF44-3570-4553-8670-F97828E0F2F7}
		{38860E37-D206-439C-8D49-3B86297ADACD} = {9127E54E-61D1-4A94-8D89-05AAB87A218C}
		{C874271F-4F28-4C39-917B-5BEE7BCBFB0E} = {6E42175F-353E-4AF3-ADB3-7A2780ACDA81}
		{3CA6621E-9443-44CD-A7A0-877027FB5F0D} = {6E42175F-353E-4AF3-ADB3-7A2780ACDA81}
	EndGlobalSection
	GlobalSection(ExtensibilityGlobals) = postSolution
		SolutionGuid = {DEE3C4FB-8745-4EEC-B122-C7AB5495A572}
	EndGlobalSection
EndGlobal
